<?xml version="1.0" encoding="utf-8"?>
<Project ToolsVersion="4.0" xmlns="http://schemas.microsoft.com/developer/msbuild/2003">
  <ItemGroup>
    <Filter Include="Cuda">
      <UniqueIdentifier>{4FC737F1-C7A5-4376-A066-2A32D752A2FF}</UniqueIdentifier>
      <Extensions>cu;cpp;c;cxx;def;odl;idl;hpj;bat;asm;asmx</Extensions>
    </Filter>
    <Filter Include="Libs">
      <UniqueIdentifier>{99d1ade6-e68a-4751-ab48-b8d6bd2e501a}</UniqueIdentifier>
    </Filter>
    <Filter Include="Source">
      <UniqueIdentifier>{6de12eb8-c425-49be-b99c-8d64538d1569}</UniqueIdentifier>
    </Filter>
    <Filter Include="Source\Single">
      <UniqueIdentifier>{b7dc0299-e340-4368-ab0f-cce3a0edb44d}</UniqueIdentifier>
    </Filter>
    <Filter Include="Common">
      <UniqueIdentifier>{f60090e0-1dd6-457c-ab56-cccbd3391527}</UniqueIdentifier>
    </Filter>
    <Filter Include="CommonDsph">
      <UniqueIdentifier>{6f7ff7f7-4d05-4c9d-8719-fd9bb5837ba1}</UniqueIdentifier>
    </Filter>
    <Filter Include="Common\JXml">
      <UniqueIdentifier>{500b2f4e-f261-4bcf-9964-ac82f6f277bc}</UniqueIdentifier>
    </Filter>
    <Filter Include="CommonDsph\JSphMotion">
      <UniqueIdentifier>{74f9f91d-50ee-4a68-a7fd-f3dae19dfbe4}</UniqueIdentifier>
    </Filter>
  </ItemGroup>
  <ItemGroup>
    <ClInclude Include="..\src\JCellDivGpu_ker.h">
      <Filter>Cuda</Filter>
    </ClInclude>
    <ClInclude Include="..\src\JCellDivGpuSingle_ker.h">
      <Filter>Cuda</Filter>
    </ClInclude>
    <ClInclude Include="..\src\JSphGpu_ker.h">
      <Filter>Cuda</Filter>
    </ClInclude>
    <ClInclude Include="..\src\JSpaceCtes.h">
      <Filter>CommonDsph</Filter>
    </ClInclude>
    <ClInclude Include="..\src\JSpaceEParms.h">
      <Filter>CommonDsph</Filter>
    </ClInclude>
    <ClInclude Include="..\src\JCellDivCpu.h">
      <Filter>Source</Filter>
    </ClInclude>
    <ClInclude Include="..\src\JCellDivGpu.h">
      <Filter>Source</Filter>
    </ClInclude>
    <ClInclude Include="..\src\JCfgRun.h">
      <Filter>Source</Filter>
    </ClInclude>
    <ClInclude Include="..\src\JPartsOut.h">
      <Filter>Source</Filter>
    </ClInclude>
    <ClInclude Include="..\src\JSph.h">
      <Filter>Source</Filter>
    </ClInclude>
    <ClInclude Include="..\src\JSphCpu.h">
      <Filter>Source</Filter>
    </ClInclude>
    <ClInclude Include="..\src\JSphTimersCpu.h">
      <Filter>Source</Filter>
    </ClInclude>
    <ClInclude Include="..\src\Types.h">
      <Filter>Source</Filter>
    </ClInclude>
    <ClInclude Include="..\src\JCellDivCpuSingle.h">
      <Filter>Source\Single</Filter>
    </ClInclude>
    <ClInclude Include="..\src\JCellDivGpuSingle.h">
      <Filter>Source\Single</Filter>
    </ClInclude>
    <ClInclude Include="..\src\JSphCpuSingle.h">
      <Filter>Source\Single</Filter>
    </ClInclude>
    <ClInclude Include="..\src\JSphGpuSingle.h">
      <Filter>Source\Single</Filter>
    </ClInclude>
    <ClInclude Include="..\src\JFormatFiles2.h">
      <Filter>Libs</Filter>
    </ClInclude>
    <ClInclude Include="..\src\JSpaceParts.h">
      <Filter>CommonDsph</Filter>
    </ClInclude>
    <ClInclude Include="..\src\JSphDtFixed.h">
      <Filter>Source</Filter>
    </ClInclude>
    <ClInclude Include="..\src\JSphVisco.h">
      <Filter>Source</Filter>
    </ClInclude>
    <ClInclude Include="..\src\JPartDataBi4.h">
      <Filter>CommonDsph</Filter>
    </ClInclude>
    <ClInclude Include="..\src\JPartOutBi4Save.h">
      <Filter>CommonDsph</Filter>
    </ClInclude>
    <ClInclude Include="..\src\JPartsLoad4.h">
      <Filter>Source\Single</Filter>
    </ClInclude>
    <ClInclude Include="..\src\JSpaceProperties.h">
      <Filter>CommonDsph</Filter>
    </ClInclude>
    <ClInclude Include="..\src\JArraysGpu.h">
      <Filter>Source</Filter>
    </ClInclude>
    <ClInclude Include="..\src\JArraysCpu.h">
      <Filter>Source</Filter>
    </ClInclude>
    <ClInclude Include="..\src\JPartFloatBi4.h">
      <Filter>CommonDsph</Filter>
    </ClInclude>
    <ClInclude Include="..\src\JSaveDt.h">
      <Filter>Source</Filter>
    </ClInclude>
    <ClInclude Include="..\src\JWaveGen.h">
      <Filter>Libs</Filter>
    </ClInclude>
    <ClInclude Include="..\src\JSphAccInput.h">
      <Filter>Source</Filter>
    </ClInclude>
    <ClInclude Include="..\src\JBlockSizeAuto.h">
      <Filter>Source</Filter>
    </ClInclude>
    <ClInclude Include="..\src\JTimeOut.h">
      <Filter>Source</Filter>
    </ClInclude>
    <ClInclude Include="..\src\OmpDefs.h">
      <Filter>Source</Filter>
    </ClInclude>
    <ClInclude Include="..\src\JGauge_ker.h">
      <Filter>Cuda</Filter>
    </ClInclude>
    <ClInclude Include="..\src\JDamping.h">
      <Filter>Source</Filter>
    </ClInclude>
    <ClInclude Include="..\src\JWaveOrder2_ker.h">
      <Filter>Cuda</Filter>
    </ClInclude>
    <ClInclude Include="..\src\JReduSum_ker.h">
      <Filter>Cuda</Filter>
    </ClInclude>
    <ClInclude Include="..\src\JDsphConfig.h">
      <Filter>CommonDsph</Filter>
    </ClInclude>
    <ClInclude Include="..\src\Functions.h">
      <Filter>Common</Filter>
    </ClInclude>
    <ClInclude Include="..\src\FunctionsCuda.h">
      <Filter>Common</Filter>
    </ClInclude>
    <ClInclude Include="..\src\FunctionsMath.h">
      <Filter>Common</Filter>
    </ClInclude>
    <ClInclude Include="..\src\JBinaryData.h">
      <Filter>Common</Filter>
    </ClInclude>
    <ClInclude Include="..\src\JException.h">
      <Filter>Common</Filter>
    </ClInclude>
    <ClInclude Include="..\src\JLog2.h">
      <Filter>Common</Filter>
    </ClInclude>
    <ClInclude Include="..\src\JMatrix4.h">
      <Filter>Common</Filter>
    </ClInclude>
    <ClInclude Include="..\src\JMeanValues.h">
      <Filter>Common</Filter>
    </ClInclude>
    <ClInclude Include="..\src\JObject.h">
      <Filter>Common</Filter>
    </ClInclude>
    <ClInclude Include="..\src\JObjectGpu.h">
      <Filter>Common</Filter>
    </ClInclude>
    <ClInclude Include="..\src\JRadixSort.h">
      <Filter>Common</Filter>
    </ClInclude>
    <ClInclude Include="..\src\JRangeFilter.h">
      <Filter>Common</Filter>
    </ClInclude>
    <ClInclude Include="..\src\JReadDatafile.h">
      <Filter>Common</Filter>
    </ClInclude>
    <ClInclude Include="..\src\JTimeControl.h">
      <Filter>Common</Filter>
    </ClInclude>
    <ClInclude Include="..\src\JTimer.h">
      <Filter>Common</Filter>
    </ClInclude>
    <ClInclude Include="..\src\JTimerCuda.h">
      <Filter>Common</Filter>
    </ClInclude>
    <ClInclude Include="..\src\randomc.h">
      <Filter>Common</Filter>
    </ClInclude>
    <ClInclude Include="..\src\TypesDef.h">
      <Filter>Common</Filter>
    </ClInclude>
    <ClInclude Include="..\src\JXml.h">
      <Filter>Common\JXml</Filter>
    </ClInclude>
    <ClInclude Include="..\src\tinystr.h">
      <Filter>Common\JXml</Filter>
    </ClInclude>
    <ClInclude Include="..\src\tinyxml.h">
      <Filter>Common\JXml</Filter>
    </ClInclude>
    <ClInclude Include="..\src\JMotion.h">
      <Filter>CommonDsph\JSphMotion</Filter>
    </ClInclude>
    <ClInclude Include="..\src\JMotionEvent.h">
      <Filter>CommonDsph\JSphMotion</Filter>
    </ClInclude>
    <ClInclude Include="..\src\JMotionList.h">
      <Filter>CommonDsph\JSphMotion</Filter>
    </ClInclude>
    <ClInclude Include="..\src\JMotionMov.h">
      <Filter>CommonDsph\JSphMotion</Filter>
    </ClInclude>
    <ClInclude Include="..\src\JMotionObj.h">
      <Filter>CommonDsph\JSphMotion</Filter>
    </ClInclude>
    <ClInclude Include="..\src\JMotionPos.h">
      <Filter>CommonDsph\JSphMotion</Filter>
    </ClInclude>
    <ClInclude Include="..\src\JSphMotion.h">
      <Filter>CommonDsph\JSphMotion</Filter>
    </ClInclude>
    <ClInclude Include="..\src\JTimerClock.h">
      <Filter>Common</Filter>
    </ClInclude>
    <ClInclude Include="..\src\JSphInitialize.h">
      <Filter>Source</Filter>
    </ClInclude>
    <ClInclude Include="..\src\JSphMk.h">
      <Filter>Source</Filter>
    </ClInclude>
    <ClInclude Include="..\src\JGaugeItem.h">
      <Filter>Source</Filter>
    </ClInclude>
    <ClInclude Include="..\src\JGaugeSystem.h">
      <Filter>Source</Filter>
    </ClInclude>
    <ClInclude Include="..\src\JSaveCsv2.h">
      <Filter>Common</Filter>
    </ClInclude>
    <ClInclude Include="..\src\JWaveSpectrumGpu.h">
      <Filter>Source</Filter>
    </ClInclude>
  </ItemGroup>
  <ItemGroup>
    <ClCompile Include="..\src\JCfgRun.cpp">
      <Filter>Source</Filter>
    </ClCompile>
    <ClCompile Include="..\src\JSph.cpp">
      <Filter>Source</Filter>
    </ClCompile>
    <ClCompile Include="..\src\JSphCpu.cpp">
      <Filter>Source</Filter>
    </ClCompile>
    <ClCompile Include="..\src\JSphGpu.cpp">
      <Filter>Source</Filter>
    </ClCompile>
    <ClCompile Include="..\src\main.cpp">
      <Filter>Source</Filter>
    </ClCompile>
    <ClCompile Include="..\src\JCellDivCpu.cpp">
      <Filter>Source</Filter>
    </ClCompile>
    <ClCompile Include="..\src\JPartsOut.cpp">
      <Filter>Source</Filter>
    </ClCompile>
    <ClCompile Include="..\src\JCellDivGpu.cpp">
      <Filter>Source</Filter>
    </ClCompile>
    <ClCompile Include="..\src\JSpaceCtes.cpp">
      <Filter>CommonDsph</Filter>
    </ClCompile>
    <ClCompile Include="..\src\JSpaceEParms.cpp">
      <Filter>CommonDsph</Filter>
    </ClCompile>
    <ClCompile Include="..\src\JCellDivCpuSingle.cpp">
      <Filter>Source\Single</Filter>
    </ClCompile>
    <ClCompile Include="..\src\JCellDivGpuSingle.cpp">
      <Filter>Source\Single</Filter>
    </ClCompile>
    <ClCompile Include="..\src\JSphCpuSingle.cpp">
      <Filter>Source\Single</Filter>
    </ClCompile>
    <ClCompile Include="..\src\JSphGpuSingle.cpp">
      <Filter>Source\Single</Filter>
    </ClCompile>
    <ClCompile Include="..\src\JSpaceParts.cpp">
      <Filter>CommonDsph</Filter>
    </ClCompile>
    <ClCompile Include="..\src\JSphDtFixed.cpp">
      <Filter>Source</Filter>
    </ClCompile>
    <ClCompile Include="..\src\JSphVisco.cpp">
      <Filter>Source</Filter>
    </ClCompile>
    <ClCompile Include="..\src\JPartDataBi4.cpp">
      <Filter>CommonDsph</Filter>
    </ClCompile>
    <ClCompile Include="..\src\JPartOutBi4Save.cpp">
      <Filter>CommonDsph</Filter>
    </ClCompile>
    <ClCompile Include="..\src\JPartsLoad4.cpp">
      <Filter>Source\Single</Filter>
    </ClCompile>
    <ClCompile Include="..\src\JSpaceProperties.cpp">
      <Filter>CommonDsph</Filter>
    </ClCompile>
    <ClCompile Include="..\src\JArraysGpu.cpp">
      <Filter>Source</Filter>
    </ClCompile>
    <ClCompile Include="..\src\JArraysCpu.cpp">
      <Filter>Source</Filter>
    </ClCompile>
    <ClCompile Include="..\src\JPartFloatBi4.cpp">
      <Filter>CommonDsph</Filter>
    </ClCompile>
    <ClCompile Include="..\src\JSaveDt.cpp">
      <Filter>Source</Filter>
    </ClCompile>
    <ClCompile Include="..\src\JSphAccInput.cpp">
      <Filter>Source</Filter>
    </ClCompile>
    <ClCompile Include="..\src\JBlockSizeAuto.cpp">
      <Filter>Source</Filter>
    </ClCompile>
    <ClCompile Include="..\src\JTimeOut.cpp">
      <Filter>Source</Filter>
    </ClCompile>
    <ClCompile Include="..\src\JDamping.cpp">
      <Filter>Source</Filter>
    </ClCompile>
    <ClCompile Include="..\src\JDsphConfig.cpp">
      <Filter>CommonDsph</Filter>
    </ClCompile>
    <ClCompile Include="..\src\Functions.cpp">
      <Filter>Common</Filter>
    </ClCompile>
    <ClCompile Include="..\src\FunctionsCuda.cpp">
      <Filter>Common</Filter>
    </ClCompile>
    <ClCompile Include="..\src\FunctionsMath.cpp">
      <Filter>Common</Filter>
    </ClCompile>
    <ClCompile Include="..\src\JBinaryData.cpp">
      <Filter>Common</Filter>
    </ClCompile>
    <ClCompile Include="..\src\JException.cpp">
      <Filter>Common</Filter>
    </ClCompile>
    <ClCompile Include="..\src\JLog2.cpp">
      <Filter>Common</Filter>
    </ClCompile>
    <ClCompile Include="..\src\JMeanValues.cpp">
      <Filter>Common</Filter>
    </ClCompile>
    <ClCompile Include="..\src\JObject.cpp">
      <Filter>Common</Filter>
    </ClCompile>
    <ClCompile Include="..\src\JObjectGpu.cpp">
      <Filter>Common</Filter>
    </ClCompile>
    <ClCompile Include="..\src\JRadixSort.cpp">
      <Filter>Common</Filter>
    </ClCompile>
    <ClCompile Include="..\src\JRangeFilter.cpp">
      <Filter>Common</Filter>
    </ClCompile>
    <ClCompile Include="..\src\JReadDatafile.cpp">
      <Filter>Common</Filter>
    </ClCompile>
    <ClCompile Include="..\src\JTimeControl.cpp">
      <Filter>Common</Filter>
    </ClCompile>
    <ClCompile Include="..\src\randomc.cpp">
      <Filter>Common</Filter>
    </ClCompile>
    <ClCompile Include="..\src\JXml.cpp">
      <Filter>Common\JXml</Filter>
    </ClCompile>
    <ClCompile Include="..\src\tinystr.cpp">
      <Filter>Common\JXml</Filter>
    </ClCompile>
    <ClCompile Include="..\src\tinyxml.cpp">
      <Filter>Common\JXml</Filter>
    </ClCompile>
    <ClCompile Include="..\src\tinyxmlerror.cpp">
      <Filter>Common\JXml</Filter>
    </ClCompile>
    <ClCompile Include="..\src\tinyxmlparser.cpp">
      <Filter>Common\JXml</Filter>
    </ClCompile>
    <ClCompile Include="..\src\JMotion.cpp">
      <Filter>CommonDsph\JSphMotion</Filter>
    </ClCompile>
    <ClCompile Include="..\src\JMotionList.cpp">
      <Filter>CommonDsph\JSphMotion</Filter>
    </ClCompile>
    <ClCompile Include="..\src\JMotionMov.cpp">
      <Filter>CommonDsph\JSphMotion</Filter>
    </ClCompile>
    <ClCompile Include="..\src\JMotionObj.cpp">
      <Filter>CommonDsph\JSphMotion</Filter>
    </ClCompile>
    <ClCompile Include="..\src\JMotionPos.cpp">
      <Filter>CommonDsph\JSphMotion</Filter>
    </ClCompile>
    <ClCompile Include="..\src\JSphMotion.cpp">
      <Filter>CommonDsph\JSphMotion</Filter>
    </ClCompile>
    <ClCompile Include="..\src\JSphInitialize.cpp">
      <Filter>Source</Filter>
    </ClCompile>
    <ClCompile Include="..\src\JSphMk.cpp">
      <Filter>Source</Filter>
    </ClCompile>
    <ClCompile Include="..\src\JGaugeItem.cpp">
      <Filter>Source</Filter>
    </ClCompile>
    <ClCompile Include="..\src\JGaugeSystem.cpp">
      <Filter>Source</Filter>
    </ClCompile>
    <ClCompile Include="..\src\JSaveCsv2.cpp">
      <Filter>Common</Filter>
    </ClCompile>
    <ClCompile Include="..\src\JWaveSpectrumGpu.cpp">
      <Filter>Source</Filter>
    </ClCompile>
  </ItemGroup>
  <ItemGroup>
    <CustomBuildStep Include="..\src\JSphGpu.h">
      <Filter>Source</Filter>
    </CustomBuildStep>
    <CustomBuildStep Include="..\src\JSphTimersGpu.h">
      <Filter>Source</Filter>
    </CustomBuildStep>
  </ItemGroup>
  <ItemGroup>
    <CudaCompile Include="..\src\JCellDivGpu_ker.cu">
      <Filter>Cuda</Filter>
    </CudaCompile>
    <CudaCompile Include="..\src\JCellDivGpuSingle_ker.cu">
      <Filter>Cuda</Filter>
    </CudaCompile>
    <CudaCompile Include="..\src\JSphGpu_ker.cu">
      <Filter>Cuda</Filter>
    </CudaCompile>
    <CudaCompile Include="..\src\JGauge_ker.cu">
      <Filter>Cuda</Filter>
    </CudaCompile>
    <CudaCompile Include="..\src\JWaveOrder2_ker.cu">
      <Filter>Cuda</Filter>
    </CudaCompile>
    <CudaCompile Include="..\src\JReduSum_ker.cu">
      <Filter>Cuda</Filter>
    </CudaCompile>
    <CudaCompile Include="..\src\FunctionsMath_ker.cu">
      <Filter>Cuda</Filter>
    </CudaCompile>
  </ItemGroup>
</Project>